
Microsoft Visual Studio Solution File, Format Version 12.00
# Visual Studio 2013
VisualStudioVersion = 12.0.21005.1
MinimumVisualStudioVersion = 10.0.40219.1
Project("{FAE04EC0-301F-11D3-BF4B-00C04F79EFBC}") = "GUI", "GUI\GUI.csproj", "{452CE6B2-66E5-4054-9D30-E0A9D21854C0}"
EndProject
Project("{FAE04EC0-301F-11D3-BF4B-00C04F79EFBC}") = "BLL", "BLL\BLL.csproj", "{29766798-5E6A-403E-9778-EA5C82985884}"
EndProject
Global
	GlobalSection(SolutionConfigurationPlatforms) = preSolution
		Debug|Any CPU = Debug|Any CPU
		Release|Any CPU = Release|Any CPU
	EndGlobalSection
	GlobalSection(ProjectConfigurationPlatforms) = postSolution
		{452CE6B2-66E5-4054-9D30-E0A9D21854C0}.Debug|Any CPU.ActiveCfg = Debug|Any CPU
		{452CE6B2-66E5-4054-9D30-E0A9D21854C0}.Debug|Any CPU.Build.0 = Debug|Any CPU
		{452CE6B2-66E5-4054-9D30-E0A9D21854C0}.Release|Any CPU.ActiveCfg = Release|Any CPU
		{452CE6B2-66E5-4054-9D30-E0A9D21854C0}.Release|Any CPU.Build.0 = Release|Any CPU
		{29766798-5E6A-403E-9778-EA5C82985884}.Debug|Any CPU.ActiveCfg = Debug|Any CPU
		{29766798-5E6A-403E-9778-EA5C82985884}.Debug|Any CPU.Build.0 = Debug|Any CPU
		{29766798-5E6A-403E-9778-EA5C82985884}.Release|Any CPU.ActiveCfg = Release|Any CPU
		{29766798-5E6A-403E-9778-EA5C82985884}.Release|Any CPU.Build.0 = Release|Any CPU
	EndGlobalSection
	GlobalSection(SolutionProperties) = preSolution
		HideSolutionNode = FALSE
	EndGlobalSection
EndGlobal
